// !$*UTF8*$!
{
	archiveVersion = 1;
	classes = {
	};
	objectVersion = 56;
	objects = {

/* Begin PBXBuildFile section */
		4601C4132ABDF26800020B90 /* AppDelegate.swift in Sources */ = {isa = PBXBuildFile; fileRef = 4601C4122ABDF26800020B90 /* AppDelegate.swift */; };
		4601C4152ABDF26800020B90 /* SceneDelegate.swift in Sources */ = {isa = PBXBuildFile; fileRef = 4601C4142ABDF26800020B90 /* SceneDelegate.swift */; };
		4601C4172ABDF26800020B90 /* TaskListViewController.swift in Sources */ = {isa = PBXBuildFile; fileRef = 4601C4162ABDF26800020B90 /* TaskListViewController.swift */; };
		4601C41A2ABDF26800020B90 /* Main.storyboard in Resources */ = {isa = PBXBuildFile; fileRef = 4601C4182ABDF26800020B90 /* Main.storyboard */; };
		4601C41C2ABDF26900020B90 /* Assets.xcassets in Resources */ = {isa = PBXBuildFile; fileRef = 4601C41B2ABDF26900020B90 /* Assets.xcassets */; };
		4601C41F2ABDF26900020B90 /* LaunchScreen.storyboard in Resources */ = {isa = PBXBuildFile; fileRef = 4601C41D2ABDF26900020B90 /* LaunchScreen.storyboard */; };
		4601C42A2ABDF26900020B90 /* ToDoAppTDDUnitTestingTests.swift in Sources */ = {isa = PBXBuildFile; fileRef = 4601C4292ABDF26900020B90 /* ToDoAppTDDUnitTestingTests.swift */; };
		4601C4342ABDF26900020B90 /* ToDoAppTDDUnitTestingUITests.swift in Sources */ = {isa = PBXBuildFile; fileRef = 4601C4332ABDF26900020B90 /* ToDoAppTDDUnitTestingUITests.swift */; };
		4601C4362ABDF26900020B90 /* ToDoAppTDDUnitTestingUITestsLaunchTests.swift in Sources */ = {isa = PBXBuildFile; fileRef = 4601C4352ABDF26900020B90 /* ToDoAppTDDUnitTestingUITestsLaunchTests.swift */; };
		462224BA2AC72F18007DC1F8 /* TaskCellTests.swift in Sources */ = {isa = PBXBuildFile; fileRef = 462224B92AC72F18007DC1F8 /* TaskCellTests.swift */; };
		465176C82AC4972D0078ED7C /* TaskCell.swift in Sources */ = {isa = PBXBuildFile; fileRef = 465176C72AC4972D0078ED7C /* TaskCell.swift */; };
		4674DEEA2AC1DE4D00C239A5 /* TaskTests.swift in Sources */ = {isa = PBXBuildFile; fileRef = 4674DEE92AC1DE4D00C239A5 /* TaskTests.swift */; };
		4674DEED2AC1DF3C00C239A5 /* Task.swift in Sources */ = {isa = PBXBuildFile; fileRef = 4674DEEC2AC1DF3C00C239A5 /* Task.swift */; };
		4674DEF02AC1E7DD00C239A5 /* Location.swift in Sources */ = {isa = PBXBuildFile; fileRef = 4674DEEF2AC1E7DD00C239A5 /* Location.swift */; };
		4674DEF22AC1ED7600C239A5 /* LocationTests.swift in Sources */ = {isa = PBXBuildFile; fileRef = 4674DEF12AC1ED7600C239A5 /* LocationTests.swift */; };
		4688FCF02AC329B100507EBE /* TaskManagerTests.swift in Sources */ = {isa = PBXBuildFile; fileRef = 4688FCEF2AC329B100507EBE /* TaskManagerTests.swift */; };
		4688FCF32AC32B3600507EBE /* TaskManager.swift in Sources */ = {isa = PBXBuildFile; fileRef = 4688FCF22AC32B3600507EBE /* TaskManager.swift */; };
		468976672ACB1B4700C1F091 /* DetailViewControllerTests.swift in Sources */ = {isa = PBXBuildFile; fileRef = 468976662ACB1B4700C1F091 /* DetailViewControllerTests.swift */; };
		468976692ACB1CE500C1F091 /* DetailViewController.swift in Sources */ = {isa = PBXBuildFile; fileRef = 468976682ACB1CE500C1F091 /* DetailViewController.swift */; };
		46B9F11D2AC47BBC0028ECBC /* TaskListViewControllerTests.swift in Sources */ = {isa = PBXBuildFile; fileRef = 46B9F11C2AC47BBC0028ECBC /* TaskListViewControllerTests.swift */; };
		46B9F11F2AC4842E0028ECBC /* DataProvider.swift in Sources */ = {isa = PBXBuildFile; fileRef = 46B9F11E2AC4842E0028ECBC /* DataProvider.swift */; };
		46B9F1212AC489CF0028ECBC /* DataProviderTests.swift in Sources */ = {isa = PBXBuildFile; fileRef = 46B9F1202AC489CF0028ECBC /* DataProviderTests.swift */; };
/* End PBXBuildFile section */

/* Begin PBXContainerItemProxy section */
		4601C4262ABDF26900020B90 /* PBXContainerItemProxy */ = {
			isa = PBXContainerItemProxy;
			containerPortal = 4601C4072ABDF26800020B90 /* Project object */;
			proxyType = 1;
			remoteGlobalIDString = 4601C40E2ABDF26800020B90;
			remoteInfo = ToDoAppTDDUnitTesting;
		};
		4601C4302ABDF26900020B90 /* PBXContainerItemProxy */ = {
			isa = PBXContainerItemProxy;
			containerPortal = 4601C4072ABDF26800020B90 /* Project object */;
			proxyType = 1;
			remoteGlobalIDString = 4601C40E2ABDF26800020B90;
			remoteInfo = ToDoAppTDDUnitTesting;
		};
/* End PBXContainerItemProxy section */

/* Begin PBXFileReference section */
		4601C40F2ABDF26800020B90 /* ToDoAppTDDUnitTesting.app */ = {isa = PBXFileReference; explicitFileType = wrapper.application; includeInIndex = 0; path = ToDoAppTDDUnitTesting.app; sourceTree = BUILT_PRODUCTS_DIR; };
		4601C4122ABDF26800020B90 /* AppDelegate.swift */ = {isa = PBXFileReference; lastKnownFileType = sourcecode.swift; path = AppDelegate.swift; sourceTree = "<group>"; };
		4601C4142ABDF26800020B90 /* SceneDelegate.swift */ = {isa = PBXFileReference; lastKnownFileType = sourcecode.swift; path = SceneDelegate.swift; sourceTree = "<group>"; };
		4601C4162ABDF26800020B90 /* TaskListViewController.swift */ = {isa = PBXFileReference; lastKnownFileType = sourcecode.swift; path = TaskListViewController.swift; sourceTree = "<group>"; };
		4601C4192ABDF26800020B90 /* Base */ = {isa = PBXFileReference; lastKnownFileType = file.storyboard; name = Base; path = Base.lproj/Main.storyboard; sourceTree = "<group>"; };
		4601C41B2ABDF26900020B90 /* Assets.xcassets */ = {isa = PBXFileReference; lastKnownFileType = folder.assetcatalog; path = Assets.xcassets; sourceTree = "<group>"; };
		4601C41E2ABDF26900020B90 /* Base */ = {isa = PBXFileReference; lastKnownFileType = file.storyboard; name = Base; path = Base.lproj/LaunchScreen.storyboard; sourceTree = "<group>"; };
		4601C4202ABDF26900020B90 /* Info.plist */ = {isa = PBXFileReference; lastKnownFileType = text.plist.xml; path = Info.plist; sourceTree = "<group>"; };
		4601C4252ABDF26900020B90 /* ToDoAppTDDUnitTestingTests.xctest */ = {isa = PBXFileReference; explicitFileType = wrapper.cfbundle; includeInIndex = 0; path = ToDoAppTDDUnitTestingTests.xctest; sourceTree = BUILT_PRODUCTS_DIR; };
		4601C4292ABDF26900020B90 /* ToDoAppTDDUnitTestingTests.swift */ = {isa = PBXFileReference; lastKnownFileType = sourcecode.swift; path = ToDoAppTDDUnitTestingTests.swift; sourceTree = "<group>"; };
		4601C42F2ABDF26900020B90 /* ToDoAppTDDUnitTestingUITests.xctest */ = {isa = PBXFileReference; explicitFileType = wrapper.cfbundle; includeInIndex = 0; path = ToDoAppTDDUnitTestingUITests.xctest; sourceTree = BUILT_PRODUCTS_DIR; };
		4601C4332ABDF26900020B90 /* ToDoAppTDDUnitTestingUITests.swift */ = {isa = PBXFileReference; lastKnownFileType = sourcecode.swift; path = ToDoAppTDDUnitTestingUITests.swift; sourceTree = "<group>"; };
		4601C4352ABDF26900020B90 /* ToDoAppTDDUnitTestingUITestsLaunchTests.swift */ = {isa = PBXFileReference; lastKnownFileType = sourcecode.swift; path = ToDoAppTDDUnitTestingUITestsLaunchTests.swift; sourceTree = "<group>"; };
		462224B92AC72F18007DC1F8 /* TaskCellTests.swift */ = {isa = PBXFileReference; lastKnownFileType = sourcecode.swift; path = TaskCellTests.swift; sourceTree = "<group>"; };
		465176C72AC4972D0078ED7C /* TaskCell.swift */ = {isa = PBXFileReference; lastKnownFileType = sourcecode.swift; path = TaskCell.swift; sourceTree = "<group>"; };
		4674DEE92AC1DE4D00C239A5 /* TaskTests.swift */ = {isa = PBXFileReference; lastKnownFileType = sourcecode.swift; path = TaskTests.swift; sourceTree = "<group>"; };
		4674DEEC2AC1DF3C00C239A5 /* Task.swift */ = {isa = PBXFileReference; lastKnownFileType = sourcecode.swift; path = Task.swift; sourceTree = "<group>"; };
		4674DEEE2AC1E65E00C239A5 /* ToDoAppTDDUnitTesting.xctestplan */ = {isa = PBXFileReference; lastKnownFileType = text; path = ToDoAppTDDUnitTesting.xctestplan; sourceTree = "<group>"; };
		4674DEEF2AC1E7DD00C239A5 /* Location.swift */ = {isa = PBXFileReference; lastKnownFileType = sourcecode.swift; path = Location.swift; sourceTree = "<group>"; };
		4674DEF12AC1ED7600C239A5 /* LocationTests.swift */ = {isa = PBXFileReference; lastKnownFileType = sourcecode.swift; path = LocationTests.swift; sourceTree = "<group>"; };
		4688FCEF2AC329B100507EBE /* TaskManagerTests.swift */ = {isa = PBXFileReference; lastKnownFileType = sourcecode.swift; path = TaskManagerTests.swift; sourceTree = "<group>"; };
		4688FCF22AC32B3600507EBE /* TaskManager.swift */ = {isa = PBXFileReference; lastKnownFileType = sourcecode.swift; path = TaskManager.swift; sourceTree = "<group>"; };
		468976662ACB1B4700C1F091 /* DetailViewControllerTests.swift */ = {isa = PBXFileReference; lastKnownFileType = sourcecode.swift; path = DetailViewControllerTests.swift; sourceTree = "<group>"; };
		468976682ACB1CE500C1F091 /* DetailViewController.swift */ = {isa = PBXFileReference; lastKnownFileType = sourcecode.swift; path = DetailViewController.swift; sourceTree = "<group>"; };
		46B9F11C2AC47BBC0028ECBC /* TaskListViewControllerTests.swift */ = {isa = PBXFileReference; lastKnownFileType = sourcecode.swift; path = TaskListViewControllerTests.swift; sourceTree = "<group>"; };
		46B9F11E2AC4842E0028ECBC /* DataProvider.swift */ = {isa = PBXFileReference; lastKnownFileType = sourcecode.swift; path = DataProvider.swift; sourceTree = "<group>"; };
		46B9F1202AC489CF0028ECBC /* DataProviderTests.swift */ = {isa = PBXFileReference; lastKnownFileType = sourcecode.swift; path = DataProviderTests.swift; sourceTree = "<group>"; };
/* End PBXFileReference section */

/* Begin PBXFrameworksBuildPhase section */
		4601C40C2ABDF26800020B90 /* Frameworks */ = {
			isa = PBXFrameworksBuildPhase;
			buildActionMask = 2147483647;
			files = (
			);
			runOnlyForDeploymentPostprocessing = 0;
		};
		4601C4222ABDF26900020B90 /* Frameworks */ = {
			isa = PBXFrameworksBuildPhase;
			buildActionMask = 2147483647;
			files = (
			);
			runOnlyForDeploymentPostprocessing = 0;
		};
		4601C42C2ABDF26900020B90 /* Frameworks */ = {
			isa = PBXFrameworksBuildPhase;
			buildActionMask = 2147483647;
			files = (
			);
			runOnlyForDeploymentPostprocessing = 0;
		};
/* End PBXFrameworksBuildPhase section */

/* Begin PBXGroup section */
		4601C4062ABDF26800020B90 = {
			isa = PBXGroup;
			children = (
				4674DEEE2AC1E65E00C239A5 /* ToDoAppTDDUnitTesting.xctestplan */,
				4601C4112ABDF26800020B90 /* ToDoAppTDDUnitTesting */,
				4601C4282ABDF26900020B90 /* ToDoAppTDDUnitTestingTests */,
				4601C4322ABDF26900020B90 /* ToDoAppTDDUnitTestingUITests */,
				4601C4102ABDF26800020B90 /* Products */,
			);
			sourceTree = "<group>";
		};
		4601C4102ABDF26800020B90 /* Products */ = {
			isa = PBXGroup;
			children = (
				4601C40F2ABDF26800020B90 /* ToDoAppTDDUnitTesting.app */,
				4601C4252ABDF26900020B90 /* ToDoAppTDDUnitTestingTests.xctest */,
				4601C42F2ABDF26900020B90 /* ToDoAppTDDUnitTestingUITests.xctest */,
			);
			name = Products;
			sourceTree = "<group>";
		};
		4601C4112ABDF26800020B90 /* ToDoAppTDDUnitTesting */ = {
			isa = PBXGroup;
			children = (
				4688FCF12AC32A6300507EBE /* Manager */,
				4674DEE82AC1DDD800C239A5 /* Model */,
				4601C4422ABDF2D200020B90 /* App */,
				4601C4432ABDF2DE00020B90 /* Controllers */,
				4601C4442ABDF2ED00020B90 /* Views */,
				4601C4452ABDF30000020B90 /* Source */,
			);
			path = ToDoAppTDDUnitTesting;
			sourceTree = "<group>";
		};
		4601C4282ABDF26900020B90 /* ToDoAppTDDUnitTestingTests */ = {
			isa = PBXGroup;
			children = (
				462224B82AC72EFD007DC1F8 /* View */,
				46B9F11B2AC47B890028ECBC /* Controller */,
				4688FCEE2AC3298600507EBE /* Manager */,
				4601C4292ABDF26900020B90 /* ToDoAppTDDUnitTestingTests.swift */,
				4674DEEB2AC1DE6300C239A5 /* Model */,
			);
			path = ToDoAppTDDUnitTestingTests;
			sourceTree = "<group>";
		};
		4601C4322ABDF26900020B90 /* ToDoAppTDDUnitTestingUITests */ = {
			isa = PBXGroup;
			children = (
				4601C4332ABDF26900020B90 /* ToDoAppTDDUnitTestingUITests.swift */,
				4601C4352ABDF26900020B90 /* ToDoAppTDDUnitTestingUITestsLaunchTests.swift */,
			);
			path = ToDoAppTDDUnitTestingUITests;
			sourceTree = "<group>";
		};
		4601C4422ABDF2D200020B90 /* App */ = {
			isa = PBXGroup;
			children = (
				4601C4202ABDF26900020B90 /* Info.plist */,
				4601C4122ABDF26800020B90 /* AppDelegate.swift */,
				4601C4142ABDF26800020B90 /* SceneDelegate.swift */,
			);
			path = App;
			sourceTree = "<group>";
		};
		4601C4432ABDF2DE00020B90 /* Controllers */ = {
			isa = PBXGroup;
			children = (
				4601C4162ABDF26800020B90 /* TaskListViewController.swift */,
				46B9F11E2AC4842E0028ECBC /* DataProvider.swift */,
				468976682ACB1CE500C1F091 /* DetailViewController.swift */,
			);
			path = Controllers;
			sourceTree = "<group>";
		};
		4601C4442ABDF2ED00020B90 /* Views */ = {
			isa = PBXGroup;
			children = (
				4601C4182ABDF26800020B90 /* Main.storyboard */,
				4601C41D2ABDF26900020B90 /* LaunchScreen.storyboard */,
				465176C72AC4972D0078ED7C /* TaskCell.swift */,
			);
			path = Views;
			sourceTree = "<group>";
		};
		4601C4452ABDF30000020B90 /* Source */ = {
			isa = PBXGroup;
			children = (
				4601C41B2ABDF26900020B90 /* Assets.xcassets */,
			);
			path = Source;
			sourceTree = "<group>";
		};
		462224B82AC72EFD007DC1F8 /* View */ = {
			isa = PBXGroup;
			children = (
				462224B92AC72F18007DC1F8 /* TaskCellTests.swift */,
			);
			path = View;
			sourceTree = "<group>";
		};
		4674DEE82AC1DDD800C239A5 /* Model */ = {
			isa = PBXGroup;
			children = (
				4674DEEC2AC1DF3C00C239A5 /* Task.swift */,
				4674DEEF2AC1E7DD00C239A5 /* Location.swift */,
			);
			path = Model;
			sourceTree = "<group>";
		};
		4674DEEB2AC1DE6300C239A5 /* Model */ = {
			isa = PBXGroup;
			children = (
				4674DEE92AC1DE4D00C239A5 /* TaskTests.swift */,
				4674DEF12AC1ED7600C239A5 /* LocationTests.swift */,
			);
			path = Model;
			sourceTree = "<group>";
		};
		4688FCEE2AC3298600507EBE /* Manager */ = {
			isa = PBXGroup;
			children = (
				4688FCEF2AC329B100507EBE /* TaskManagerTests.swift */,
			);
			path = Manager;
			sourceTree = "<group>";
		};
		4688FCF12AC32A6300507EBE /* Manager */ = {
			isa = PBXGroup;
			children = (
				4688FCF22AC32B3600507EBE /* TaskManager.swift */,
			);
			path = Manager;
			sourceTree = "<group>";
		};
		46B9F11B2AC47B890028ECBC /* Controller */ = {
			isa = PBXGroup;
			children = (
				46B9F11C2AC47BBC0028ECBC /* TaskListViewControllerTests.swift */,
				46B9F1202AC489CF0028ECBC /* DataProviderTests.swift */,
				468976662ACB1B4700C1F091 /* DetailViewControllerTests.swift */,
			);
			path = Controller;
			sourceTree = "<group>";
		};
/* End PBXGroup section */

/* Begin PBXNativeTarget section */
		4601C40E2ABDF26800020B90 /* ToDoAppTDDUnitTesting */ = {
			isa = PBXNativeTarget;
			buildConfigurationList = 4601C4392ABDF26900020B90 /* Build configuration list for PBXNativeTarget "ToDoAppTDDUnitTesting" */;
			buildPhases = (
				4601C40B2ABDF26800020B90 /* Sources */,
				4601C40C2ABDF26800020B90 /* Frameworks */,
				4601C40D2ABDF26800020B90 /* Resources */,
			);
			buildRules = (
			);
			dependencies = (
			);
			name = ToDoAppTDDUnitTesting;
			productName = ToDoAppTDDUnitTesting;
			productReference = 4601C40F2ABDF26800020B90 /* ToDoAppTDDUnitTesting.app */;
			productType = "com.apple.product-type.application";
		};
		4601C4242ABDF26900020B90 /* ToDoAppTDDUnitTestingTests */ = {
			isa = PBXNativeTarget;
			buildConfigurationList = 4601C43C2ABDF26900020B90 /* Build configuration list for PBXNativeTarget "ToDoAppTDDUnitTestingTests" */;
			buildPhases = (
				4601C4212ABDF26900020B90 /* Sources */,
				4601C4222ABDF26900020B90 /* Frameworks */,
				4601C4232ABDF26900020B90 /* Resources */,
			);
			buildRules = (
			);
			dependencies = (
				4601C4272ABDF26900020B90 /* PBXTargetDependency */,
			);
			name = ToDoAppTDDUnitTestingTests;
			productName = ToDoAppTDDUnitTestingTests;
			productReference = 4601C4252ABDF26900020B90 /* ToDoAppTDDUnitTestingTests.xctest */;
			productType = "com.apple.product-type.bundle.unit-test";
		};
		4601C42E2ABDF26900020B90 /* ToDoAppTDDUnitTestingUITests */ = {
			isa = PBXNativeTarget;
			buildConfigurationList = 4601C43F2ABDF26900020B90 /* Build configuration list for PBXNativeTarget "ToDoAppTDDUnitTestingUITests" */;
			buildPhases = (
				4601C42B2ABDF26900020B90 /* Sources */,
				4601C42C2ABDF26900020B90 /* Frameworks */,
				4601C42D2ABDF26900020B90 /* Resources */,
			);
			buildRules = (
			);
			dependencies = (
				4601C4312ABDF26900020B90 /* PBXTargetDependency */,
			);
			name = ToDoAppTDDUnitTestingUITests;
			productName = ToDoAppTDDUnitTestingUITests;
			productReference = 4601C42F2ABDF26900020B90 /* ToDoAppTDDUnitTestingUITests.xctest */;
			productType = "com.apple.product-type.bundle.ui-testing";
		};
/* End PBXNativeTarget section */

/* Begin PBXProject section */
		4601C4072ABDF26800020B90 /* Project object */ = {
			isa = PBXProject;
			attributes = {
				BuildIndependentTargetsInParallel = 1;
				LastSwiftUpdateCheck = 1430;
				LastUpgradeCheck = 1430;
				TargetAttributes = {
					4601C40E2ABDF26800020B90 = {
						CreatedOnToolsVersion = 14.3.1;
					};
					4601C4242ABDF26900020B90 = {
						CreatedOnToolsVersion = 14.3.1;
						TestTargetID = 4601C40E2ABDF26800020B90;
					};
					4601C42E2ABDF26900020B90 = {
						CreatedOnToolsVersion = 14.3.1;
						TestTargetID = 4601C40E2ABDF26800020B90;
					};
				};
			};
			buildConfigurationList = 4601C40A2ABDF26800020B90 /* Build configuration list for PBXProject "ToDoAppTDDUnitTesting" */;
			compatibilityVersion = "Xcode 14.0";
			developmentRegion = en;
			hasScannedForEncodings = 0;
			knownRegions = (
				en,
				Base,
			);
			mainGroup = 4601C4062ABDF26800020B90;
			productRefGroup = 4601C4102ABDF26800020B90 /* Products */;
			projectDirPath = "";
			projectRoot = "";
			targets = (
				4601C40E2ABDF26800020B90 /* ToDoAppTDDUnitTesting */,
				4601C4242ABDF26900020B90 /* ToDoAppTDDUnitTestingTests */,
				4601C42E2ABDF26900020B90 /* ToDoAppTDDUnitTestingUITests */,
			);
		};
/* End PBXProject section */

/* Begin PBXResourcesBuildPhase section */
		4601C40D2ABDF26800020B90 /* Resources */ = {
			isa = PBXResourcesBuildPhase;
			buildActionMask = 2147483647;
			files = (
				4601C41F2ABDF26900020B90 /* LaunchScreen.storyboard in Resources */,
				4601C41C2ABDF26900020B90 /* Assets.xcassets in Resources */,
				4601C41A2ABDF26800020B90 /* Main.storyboard in Resources */,
			);
			runOnlyForDeploymentPostprocessing = 0;
		};
		4601C4232ABDF26900020B90 /* Resources */ = {
			isa = PBXResourcesBuildPhase;
			buildActionMask = 2147483647;
			files = (
			);
			runOnlyForDeploymentPostprocessing = 0;
		};
		4601C42D2ABDF26900020B90 /* Resources */ = {
			isa = PBXResourcesBuildPhase;
			buildActionMask = 2147483647;
			files = (
			);
			runOnlyForDeploymentPostprocessing = 0;
		};
/* End PBXResourcesBuildPhase section */

/* Begin PBXSourcesBuildPhase section */
		4601C40B2ABDF26800020B90 /* Sources */ = {
			isa = PBXSourcesBuildPhase;
			buildActionMask = 2147483647;
			files = (
				468976692ACB1CE500C1F091 /* DetailViewController.swift in Sources */,
				4688FCF32AC32B3600507EBE /* TaskManager.swift in Sources */,
				4674DEED2AC1DF3C00C239A5 /* Task.swift in Sources */,
				4601C4172ABDF26800020B90 /* TaskListViewController.swift in Sources */,
				46B9F11F2AC4842E0028ECBC /* DataProvider.swift in Sources */,
				465176C82AC4972D0078ED7C /* TaskCell.swift in Sources */,
				4674DEF02AC1E7DD00C239A5 /* Location.swift in Sources */,
				4601C4132ABDF26800020B90 /* AppDelegate.swift in Sources */,
				4601C4152ABDF26800020B90 /* SceneDelegate.swift in Sources */,
			);
			runOnlyForDeploymentPostprocessing = 0;
		};
		4601C4212ABDF26900020B90 /* Sources */ = {
			isa = PBXSourcesBuildPhase;
			buildActionMask = 2147483647;
			files = (
				4674DEEA2AC1DE4D00C239A5 /* TaskTests.swift in Sources */,
				4674DEF22AC1ED7600C239A5 /* LocationTests.swift in Sources */,
				462224BA2AC72F18007DC1F8 /* TaskCellTests.swift in Sources */,
				46B9F1212AC489CF0028ECBC /* DataProviderTests.swift in Sources */,
				4688FCF02AC329B100507EBE /* TaskManagerTests.swift in Sources */,
				46B9F11D2AC47BBC0028ECBC /* TaskListViewControllerTests.swift in Sources */,
				468976672ACB1B4700C1F091 /* DetailViewControllerTests.swift in Sources */,
				4601C42A2ABDF26900020B90 /* ToDoAppTDDUnitTestingTests.swift in Sources */,
			);
			runOnlyForDeploymentPostprocessing = 0;
		};
		4601C42B2ABDF26900020B90 /* Sources */ = {
			isa = PBXSourcesBuildPhase;
			buildActionMask = 2147483647;
			files = (
				4601C4362ABDF26900020B90 /* ToDoAppTDDUnitTestingUITestsLaunchTests.swift in Sources */,
				4601C4342ABDF26900020B90 /* ToDoAppTDDUnitTestingUITests.swift in Sources */,
			);
			runOnlyForDeploymentPostprocessing = 0;
		};
/* End PBXSourcesBuildPhase section */

/* Begin PBXTargetDependency section */
		4601C4272ABDF26900020B90 /* PBXTargetDependency */ = {
			isa = PBXTargetDependency;
			target = 4601C40E2ABDF26800020B90 /* ToDoAppTDDUnitTesting */;
			targetProxy = 4601C4262ABDF26900020B90 /* PBXContainerItemProxy */;
		};
		4601C4312ABDF26900020B90 /* PBXTargetDependency */ = {
			isa = PBXTargetDependency;
			target = 4601C40E2ABDF26800020B90 /* ToDoAppTDDUnitTesting */;
			targetProxy = 4601C4302ABDF26900020B90 /* PBXContainerItemProxy */;
		};
/* End PBXTargetDependency section */

/* Begin PBXVariantGroup section */
		4601C4182ABDF26800020B90 /* Main.storyboard */ = {
			isa = PBXVariantGroup;
			children = (
				4601C4192ABDF26800020B90 /* Base */,
			);
			name = Main.storyboard;
			sourceTree = "<group>";
		};
		4601C41D2ABDF26900020B90 /* LaunchScreen.storyboard */ = {
			isa = PBXVariantGroup;
			children = (
				4601C41E2ABDF26900020B90 /* Base */,
			);
			name = LaunchScreen.storyboard;
			sourceTree = "<group>";
		};
/* End PBXVariantGroup section */

/* Begin XCBuildConfiguration section */
		4601C4372ABDF26900020B90 /* Debug */ = {
			isa = XCBuildConfiguration;
			buildSettings = {
				ALWAYS_SEARCH_USER_PATHS = NO;
				CLANG_ANALYZER_NONNULL = YES;
				CLANG_ANALYZER_NUMBER_OBJECT_CONVERSION = YES_AGGRESSIVE;
				CLANG_CXX_LANGUAGE_STANDARD = "gnu++20";
				CLANG_ENABLE_MODULES = YES;
				CLANG_ENABLE_OBJC_ARC = YES;
				CLANG_ENABLE_OBJC_WEAK = YES;
				CLANG_WARN_BLOCK_CAPTURE_AUTORELEASING = YES;
				CLANG_WARN_BOOL_CONVERSION = YES;
				CLANG_WARN_COMMA = YES;
				CLANG_WARN_CONSTANT_CONVERSION = YES;
				CLANG_WARN_DEPRECATED_OBJC_IMPLEMENTATIONS = YES;
				CLANG_WARN_DIRECT_OBJC_ISA_USAGE = YES_ERROR;
				CLANG_WARN_DOCUMENTATION_COMMENTS = YES;
				CLANG_WARN_EMPTY_BODY = YES;
				CLANG_WARN_ENUM_CONVERSION = YES;
				CLANG_WARN_INFINITE_RECURSION = YES;
				CLANG_WARN_INT_CONVERSION = YES;
				CLANG_WARN_NON_LITERAL_NULL_CONVERSION = YES;
				CLANG_WARN_OBJC_IMPLICIT_RETAIN_SELF = YES;
				CLANG_WARN_OBJC_LITERAL_CONVERSION = YES;
				CLANG_WARN_OBJC_ROOT_CLASS = YES_ERROR;
				CLANG_WARN_QUOTED_INCLUDE_IN_FRAMEWORK_HEADER = YES;
				CLANG_WARN_RANGE_LOOP_ANALYSIS = YES;
				CLANG_WARN_STRICT_PROTOTYPES = YES;
				CLANG_WARN_SUSPICIOUS_MOVE = YES;
				CLANG_WARN_UNGUARDED_AVAILABILITY = YES_AGGRESSIVE;
				CLANG_WARN_UNREACHABLE_CODE = YES;
				CLANG_WARN__DUPLICATE_METHOD_MATCH = YES;
				COPY_PHASE_STRIP = NO;
				DEBUG_INFORMATION_FORMAT = dwarf;
				ENABLE_STRICT_OBJC_MSGSEND = YES;
				ENABLE_TESTABILITY = YES;
				GCC_C_LANGUAGE_STANDARD = gnu11;
				GCC_DYNAMIC_NO_PIC = NO;
				GCC_NO_COMMON_BLOCKS = YES;
				GCC_OPTIMIZATION_LEVEL = 0;
				GCC_PREPROCESSOR_DEFINITIONS = (
					"DEBUG=1",
					"$(inherited)",
				);
				GCC_WARN_64_TO_32_BIT_CONVERSION = YES;
				GCC_WARN_ABOUT_RETURN_TYPE = YES_ERROR;
				GCC_WARN_UNDECLARED_SELECTOR = YES;
				GCC_WARN_UNINITIALIZED_AUTOS = YES_AGGRESSIVE;
				GCC_WARN_UNUSED_FUNCTION = YES;
				GCC_WARN_UNUSED_VARIABLE = YES;
				IPHONEOS_DEPLOYMENT_TARGET = 16.4;
				MTL_ENABLE_DEBUG_INFO = INCLUDE_SOURCE;
				MTL_FAST_MATH = YES;
				ONLY_ACTIVE_ARCH = YES;
				SDKROOT = iphoneos;
				SWIFT_ACTIVE_COMPILATION_CONDITIONS = DEBUG;
				SWIFT_OPTIMIZATION_LEVEL = "-Onone";
			};
			name = Debug;
		};
		4601C4382ABDF26900020B90 /* Release */ = {
			isa = XCBuildConfiguration;
			buildSettings = {
				ALWAYS_SEARCH_USER_PATHS = NO;
				CLANG_ANALYZER_NONNULL = YES;
				CLANG_ANALYZER_NUMBER_OBJECT_CONVERSION = YES_AGGRESSIVE;
				CLANG_CXX_LANGUAGE_STANDARD = "gnu++20";
				CLANG_ENABLE_MODULES = YES;
				CLANG_ENABLE_OBJC_ARC = YES;
				CLANG_ENABLE_OBJC_WEAK = YES;
				CLANG_WARN_BLOCK_CAPTURE_AUTORELEASING = YES;
				CLANG_WARN_BOOL_CONVERSION = YES;
				CLANG_WARN_COMMA = YES;
				CLANG_WARN_CONSTANT_CONVERSION = YES;
				CLANG_WARN_DEPRECATED_OBJC_IMPLEMENTATIONS = YES;
				CLANG_WARN_DIRECT_OBJC_ISA_USAGE = YES_ERROR;
				CLANG_WARN_DOCUMENTATION_COMMENTS = YES;
				CLANG_WARN_EMPTY_BODY = YES;
				CLANG_WARN_ENUM_CONVERSION = YES;
				CLANG_WARN_INFINITE_RECURSION = YES;
				CLANG_WARN_INT_CONVERSION = YES;
				CLANG_WARN_NON_LITERAL_NULL_CONVERSION = YES;
				CLANG_WARN_OBJC_IMPLICIT_RETAIN_SELF = YES;
				CLANG_WARN_OBJC_LITERAL_CONVERSION = YES;
				CLANG_WARN_OBJC_ROOT_CLASS = YES_ERROR;
				CLANG_WARN_QUOTED_INCLUDE_IN_FRAMEWORK_HEADER = YES;
				CLANG_WARN_RANGE_LOOP_ANALYSIS = YES;
				CLANG_WARN_STRICT_PROTOTYPES = YES;
				CLANG_WARN_SUSPICIOUS_MOVE = YES;
				CLANG_WARN_UNGUARDED_AVAILABILITY = YES_AGGRESSIVE;
				CLANG_WARN_UNREACHABLE_CODE = YES;
				CLANG_WARN__DUPLICATE_METHOD_MATCH = YES;
				COPY_PHASE_STRIP = NO;
				DEBUG_INFORMATION_FORMAT = "dwarf-with-dsym";
				ENABLE_NS_ASSERTIONS = NO;
				ENABLE_STRICT_OBJC_MSGSEND = YES;
				GCC_C_LANGUAGE_STANDARD = gnu11;
				GCC_NO_COMMON_BLOCKS = YES;
				GCC_WARN_64_TO_32_BIT_CONVERSION = YES;
				GCC_WARN_ABOUT_RETURN_TYPE = YES_ERROR;
				GCC_WARN_UNDECLARED_SELECTOR = YES;
				GCC_WARN_UNINITIALIZED_AUTOS = YES_AGGRESSIVE;
				GCC_WARN_UNUSED_FUNCTION = YES;
				GCC_WARN_UNUSED_VARIABLE = YES;
				IPHONEOS_DEPLOYMENT_TARGET = 16.4;
				MTL_ENABLE_DEBUG_INFO = NO;
				MTL_FAST_MATH = YES;
				SDKROOT = iphoneos;
				SWIFT_COMPILATION_MODE = wholemodule;
				SWIFT_OPTIMIZATION_LEVEL = "-O";
				VALIDATE_PRODUCT = YES;
			};
			name = Release;
		};
		4601C43A2ABDF26900020B90 /* Debug */ = {
			isa = XCBuildConfiguration;
			buildSettings = {
				ASSETCATALOG_COMPILER_APPICON_NAME = AppIcon;
				ASSETCATALOG_COMPILER_GLOBAL_ACCENT_COLOR_NAME = AccentColor;
				CODE_SIGN_STYLE = Automatic;
				CURRENT_PROJECT_VERSION = 1;
				DEVELOPMENT_TEAM = 77WLJ5J8T8;
				GENERATE_INFOPLIST_FILE = YES;
				INFOPLIST_FILE = ToDoAppTDDUnitTesting/App/Info.plist;
				INFOPLIST_KEY_UIApplicationSupportsIndirectInputEvents = YES;
				INFOPLIST_KEY_UILaunchStoryboardName = LaunchScreen;
				INFOPLIST_KEY_UIMainStoryboardFile = Main;
				INFOPLIST_KEY_UISupportedInterfaceOrientations = UIInterfaceOrientationPortrait;
				INFOPLIST_KEY_UISupportedInterfaceOrientations_iPad = "UIInterfaceOrientationLandscapeLeft UIInterfaceOrientationLandscapeRight UIInterfaceOrientationPortrait UIInterfaceOrientationPortraitUpsideDown";
				LD_RUNPATH_SEARCH_PATHS = (
					"$(inherited)",
					"@executable_path/Frameworks",
				);
				MARKETING_VERSION = 1.0;
				PRODUCT_BUNDLE_IDENTIFIER = com.smartactive.ToDoAppTDDUnitTesting;
				PRODUCT_NAME = "$(TARGET_NAME)";
				SUPPORTED_PLATFORMS = "iphoneos iphonesimulator";
				SUPPORTS_MACCATALYST = NO;
				SUPPORTS_MAC_DESIGNED_FOR_IPHONE_IPAD = NO;
				SWIFT_EMIT_LOC_STRINGS = YES;
				SWIFT_VERSION = 5.0;
				TARGETED_DEVICE_FAMILY = 1;
			};
			name = Debug;
		};
		4601C43B2ABDF26900020B90 /* Release */ = {
			isa = XCBuildConfiguration;
			buildSettings = {
				ASSETCATALOG_COMPILER_APPICON_NAME = AppIcon;
				ASSETCATALOG_COMPILER_GLOBAL_ACCENT_COLOR_NAME = AccentColor;
				CODE_SIGN_STYLE = Automatic;
				CURRENT_PROJECT_VERSION = 1;
				DEVELOPMENT_TEAM = 77WLJ5J8T8;
				GENERATE_INFOPLIST_FILE = YES;
				INFOPLIST_FILE = ToDoAppTDDUnitTesting/App/Info.plist;
				INFOPLIST_KEY_UIApplicationSupportsIndirectInputEvents = YES;
				INFOPLIST_KEY_UILaunchStoryboardName = LaunchScreen;
				INFOPLIST_KEY_UIMainStoryboardFile = Main;
				INFOPLIST_KEY_UISupportedInterfaceOrientations = UIInterfaceOrientationPortrait;
				INFOPLIST_KEY_UISupportedInterfaceOrientations_iPad = "UIInterfaceOrientationLandscapeLeft UIInterfaceOrientationLandscapeRight UIInterfaceOrientationPortrait UIInterfaceOrientationPortraitUpsideDown";
				LD_RUNPATH_SEARCH_PATHS = (
					"$(inherited)",
					"@executable_path/Frameworks",
				);
				MARKETING_VERSION = 1.0;
				PRODUCT_BUNDLE_IDENTIFIER = com.smartactive.ToDoAppTDDUnitTesting;
				PRODUCT_NAME = "$(TARGET_NAME)";
				SUPPORTED_PLATFORMS = "iphoneos iphonesimulator";
				SUPPORTS_MACCATALYST = NO;
				SUPPORTS_MAC_DESIGNED_FOR_IPHONE_IPAD = NO;
				SWIFT_EMIT_LOC_STRINGS = YES;
				SWIFT_VERSION = 5.0;
				TARGETED_DEVICE_FAMILY = 1;
			};
			name = Release;
		};
		4601C43D2ABDF26900020B90 /* Debug */ = {
			isa = XCBuildConfiguration;
			buildSettings = {
				ALWAYS_EMBED_SWIFT_STANDARD_LIBRARIES = YES;
				BUNDLE_LOADER = "$(TEST_HOST)";
				CODE_SIGN_STYLE = Automatic;
				CURRENT_PROJECT_VERSION = 1;
				DEVELOPMENT_TEAM = 77WLJ5J8T8;
				GENERATE_INFOPLIST_FILE = YES;
				IPHONEOS_DEPLOYMENT_TARGET = 16.4;
				MARKETING_VERSION = 1.0;
				PRODUCT_BUNDLE_IDENTIFIER = com.smartactive.ToDoAppTDDUnitTestingTests;
				PRODUCT_NAME = "$(TARGET_NAME)";
				SWIFT_EMIT_LOC_STRINGS = NO;
				SWIFT_VERSION = 5.0;
				TARGETED_DEVICE_FAMILY = "1,2";
				TEST_HOST = "$(BUILT_PRODUCTS_DIR)/ToDoAppTDDUnitTesting.app/$(BUNDLE_EXECUTABLE_FOLDER_PATH)/ToDoAppTDDUnitTesting";
			};
			name = Debug;
		};
		4601C43E2ABDF26900020B90 /* Release */ = {
			isa = XCBuildConfiguration;
			buildSettings = {
				ALWAYS_EMBED_SWIFT_STANDARD_LIBRARIES = YES;
				BUNDLE_LOADER = "$(TEST_HOST)";
				CODE_SIGN_STYLE = Automatic;
				CURRENT_PROJECT_VERSION = 1;
				DEVELOPMENT_TEAM = 77WLJ5J8T8;
				GENERATE_INFOPLIST_FILE = YES;
				IPHONEOS_DEPLOYMENT_TARGET = 16.4;
				MARKETING_VERSION = 1.0;
				PRODUCT_BUNDLE_IDENTIFIER = com.smartactive.ToDoAppTDDUnitTestingTests;
				PRODUCT_NAME = "$(TARGET_NAME)";
				SWIFT_EMIT_LOC_STRINGS = NO;
				SWIFT_VERSION = 5.0;
				TARGETED_DEVICE_FAMILY = "1,2";
				TEST_HOST = "$(BUILT_PRODUCTS_DIR)/ToDoAppTDDUnitTesting.app/$(BUNDLE_EXECUTABLE_FOLDER_PATH)/ToDoAppTDDUnitTesting";
			};
			name = Release;
		};
		4601C4402ABDF26900020B90 /* Debug */ = {
			isa = XCBuildConfiguration;
			buildSettings = {
				ALWAYS_EMBED_SWIFT_STANDARD_LIBRARIES = YES;
				CODE_SIGN_STYLE = Automatic;
				CURRENT_PROJECT_VERSION = 1;
				DEVELOPMENT_TEAM = 77WLJ5J8T8;
				GENERATE_INFOPLIST_FILE = YES;
				MARKETING_VERSION = 1.0;
				PRODUCT_BUNDLE_IDENTIFIER = com.smartactive.ToDoAppTDDUnitTestingUITests;
				PRODUCT_NAME = "$(TARGET_NAME)";
				SWIFT_EMIT_LOC_STRINGS = NO;
				SWIFT_VERSION = 5.0;
				TARGETED_DEVICE_FAMILY = "1,2";
				TEST_TARGET_NAME = ToDoAppTDDUnitTesting;
			};
			name = Debug;
		};
		4601C4412ABDF26900020B90 /* Release */ = {
			isa = XCBuildConfiguration;
			buildSettings = {
				ALWAYS_EMBED_SWIFT_STANDARD_LIBRARIES = YES;
				CODE_SIGN_STYLE = Automatic;
				CURRENT_PROJECT_VERSION = 1;
				DEVELOPMENT_TEAM = 77WLJ5J8T8;
				GENERATE_INFOPLIST_FILE = YES;
				MARKETING_VERSION = 1.0;
				PRODUCT_BUNDLE_IDENTIFIER = com.smartactive.ToDoAppTDDUnitTestingUITests;
				PRODUCT_NAME = "$(TARGET_NAME)";
				SWIFT_EMIT_LOC_STRINGS = NO;
				SWIFT_VERSION = 5.0;
				TARGETED_DEVICE_FAMILY = "1,2";
				TEST_TARGET_NAME = ToDoAppTDDUnitTesting;
			};
			name = Release;
		};
/* End XCBuildConfiguration section */

/* Begin XCConfigurationList section */
		4601C40A2ABDF26800020B90 /* Build configuration list for PBXProject "ToDoAppTDDUnitTesting" */ = {
			isa = XCConfigurationList;
			buildConfigurations = (
				4601C4372ABDF26900020B90 /* Debug */,
				4601C4382ABDF26900020B90 /* Release */,
			);
			defaultConfigurationIsVisible = 0;
			defaultConfigurationName = Release;
		};
		4601C4392ABDF26900020B90 /* Build configuration list for PBXNativeTarget "ToDoAppTDDUnitTesting" */ = {
			isa = XCConfigurationList;
			buildConfigurations = (
				4601C43A2ABDF26900020B90 /* Debug */,
				4601C43B2ABDF26900020B90 /* Release */,
			);
			defaultConfigurationIsVisible = 0;
			defaultConfigurationName = Release;
		};
		4601C43C2ABDF26900020B90 /* Build configuration list for PBXNativeTarget "ToDoAppTDDUnitTestingTests" */ = {
			isa = XCConfigurationList;
			buildConfigurations = (
				4601C43D2ABDF26900020B90 /* Debug */,
				4601C43E2ABDF26900020B90 /* Release */,
			);
			defaultConfigurationIsVisible = 0;
			defaultConfigurationName = Release;
		};
		4601C43F2ABDF26900020B90 /* Build configuration list for PBXNativeTarget "ToDoAppTDDUnitTestingUITests" */ = {
			isa = XCConfigurationList;
			buildConfigurations = (
				4601C4402ABDF26900020B90 /* Debug */,
				4601C4412ABDF26900020B90 /* Release */,
			);
			defaultConfigurationIsVisible = 0;
			defaultConfigurationName = Release;
		};
/* End XCConfigurationList section */
	};
	rootObject = 4601C4072ABDF26800020B90 /* Project object */;
}
